
Microsoft Visual Studio Solution File, Format Version 12.00
# Visual Studio 15
VisualStudioVersion = 15.0.26730.10
MinimumVisualStudioVersion = 10.0.40219.1
Project("{FAE04EC0-301F-11D3-BF4B-00C04F79EFBC}") = "Tracing", "Tracing\Tracing.csproj", "{9A4D5F33-DDAB-4EC2-BAC0-254B99248C3F}"
EndProject
Project("{FAE04EC0-301F-11D3-BF4B-00C04F79EFBC}") = "Tracing.Core", "Tracing.Core\Tracing.Core.csproj", "{C05ABACF-2E43-4CFE-BDCF-FD7734748F10}"
EndProject
Project("{FAE04EC0-301F-11D3-BF4B-00C04F79EFBC}") = "Tracing.CustomPens", "Tracing.CustomPens\Tracing.CustomPens.csproj", "{9712D4CA-FCB4-4A3C-B871-E14663A54A9A}"
EndProject
Project("{FAE04EC0-301F-11D3-BF4B-00C04F79EFBC}") = "Tracing.Printing", "Tracing.Printing\Tracing.Printing.csproj", "{05F888AB-3182-42FF-90AE-00A04D5D42C8}"
EndProject
Project("{2150E333-8FDC-42A3-9474-1A3956D46DE8}") = "App", "App", "{F231D73A-2028-4F05-A6AB-4B89A26F3873}"
EndProject
Project("{2150E333-8FDC-42A3-9474-1A3956D46DE8}") = "Core", "Core", "{108D4A55-8A49-4C79-8DE0-A4DD8A7929EB}"
EndProject
Project("{FAE04EC0-301F-11D3-BF4B-00C04F79EFBC}") = "Tracing.Models", "Tracing.Models\Tracing.Models.csproj", "{2BDC6BCA-01E5-4073-B4A7-794A79E18411}"
EndProject
Project("{FAE04EC0-301F-11D3-BF4B-00C04F79EFBC}") = "Tracing.Controls", "Tracing.Controls\Tracing.Controls.csproj", "{6BE723E2-D6E5-4897-9C11-D2AED2096ADC}"
EndProject
Project("{FAE04EC0-301F-11D3-BF4B-00C04F79EFBC}") = "Tracing.Configuration", "Tracing.Configuration\Tracing.Configuration.csproj", "{BAACBDD7-A138-43D6-A4AB-A51BF2A0754C}"
EndProject
Project("{2150E333-8FDC-42A3-9474-1A3956D46DE8}") = "Common", "Common", "{348E82EE-61A0-4B6B-BB28-F20C800BE181}"
EndProject
Global
	GlobalSection(SolutionConfigurationPlatforms) = preSolution
		Debug|Any CPU = Debug|Any CPU
		Debug|ARM = Debug|ARM
		Debug|x64 = Debug|x64
		Debug|x86 = Debug|x86
		Release|Any CPU = Release|Any CPU
		Release|ARM = Release|ARM
		Release|x64 = Release|x64
		Release|x86 = Release|x86
	EndGlobalSection
	GlobalSection(ProjectConfigurationPlatforms) = postSolution
		{9A4D5F33-DDAB-4EC2-BAC0-254B99248C3F}.Debug|Any CPU.ActiveCfg = Debug|x86
		{9A4D5F33-DDAB-4EC2-BAC0-254B99248C3F}.Debug|ARM.ActiveCfg = Debug|ARM
		{9A4D5F33-DDAB-4EC2-BAC0-254B99248C3F}.Debug|ARM.Build.0 = Debug|ARM
		{9A4D5F33-DDAB-4EC2-BAC0-254B99248C3F}.Debug|ARM.Deploy.0 = Debug|ARM
		{9A4D5F33-DDAB-4EC2-BAC0-254B99248C3F}.Debug|x64.ActiveCfg = Debug|x64
		{9A4D5F33-DDAB-4EC2-BAC0-254B99248C3F}.Debug|x64.Build.0 = Debug|x64
		{9A4D5F33-DDAB-4EC2-BAC0-254B99248C3F}.Debug|x64.Deploy.0 = Debug|x64
		{9A4D5F33-DDAB-4EC2-BAC0-254B99248C3F}.Debug|x86.ActiveCfg = Debug|x86
		{9A4D5F33-DDAB-4EC2-BAC0-254B99248C3F}.Debug|x86.Build.0 = Debug|x86
		{9A4D5F33-DDAB-4EC2-BAC0-254B99248C3F}.Debug|x86.Deploy.0 = Debug|x86
		{9A4D5F33-DDAB-4EC2-BAC0-254B99248C3F}.Release|Any CPU.ActiveCfg = Release|x86
		{9A4D5F33-DDAB-4EC2-BAC0-254B99248C3F}.Release|ARM.ActiveCfg = Release|ARM
		{9A4D5F33-DDAB-4EC2-BAC0-254B99248C3F}.Release|ARM.Build.0 = Release|ARM
		{9A4D5F33-DDAB-4EC2-BAC0-254B99248C3F}.Release|ARM.Deploy.0 = Release|ARM
		{9A4D5F33-DDAB-4EC2-BAC0-254B99248C3F}.Release|x64.ActiveCfg = Release|x64
		{9A4D5F33-DDAB-4EC2-BAC0-254B99248C3F}.Release|x64.Build.0 = Release|x64
		{9A4D5F33-DDAB-4EC2-BAC0-254B99248C3F}.Release|x64.Deploy.0 = Release|x64
		{9A4D5F33-DDAB-4EC2-BAC0-254B99248C3F}.Release|x86.ActiveCfg = Release|x86
		{9A4D5F33-DDAB-4EC2-BAC0-254B99248C3F}.Release|x86.Build.0 = Release|x86
		{9A4D5F33-DDAB-4EC2-BAC0-254B99248C3F}.Release|x86.Deploy.0 = Release|x86
		{C05ABACF-2E43-4CFE-BDCF-FD7734748F10}.Debug|Any CPU.ActiveCfg = Debug|Any CPU
		{C05ABACF-2E43-4CFE-BDCF-FD7734748F10}.Debug|Any CPU.Build.0 = Debug|Any CPU
		{C05ABACF-2E43-4CFE-BDCF-FD7734748F10}.Debug|ARM.ActiveCfg = Debug|ARM
		{C05ABACF-2E43-4CFE-BDCF-FD7734748F10}.Debug|ARM.Build.0 = Debug|ARM
		{C05ABACF-2E43-4CFE-BDCF-FD7734748F10}.Debug|x64.ActiveCfg = Debug|x64
		{C05ABACF-2E43-4CFE-BDCF-FD7734748F10}.Debug|x64.Build.0 = Debug|x64
		{C05ABACF-2E43-4CFE-BDCF-FD7734748F10}.Debug|x86.ActiveCfg = Debug|x86
		{C05ABACF-2E43-4CFE-BDCF-FD7734748F10}.Debug|x86.Build.0 = Debug|x86
		{C05ABACF-2E43-4CFE-BDCF-FD7734748F10}.Release|Any CPU.ActiveCfg = Release|Any CPU
		{C05ABACF-2E43-4CFE-BDCF-FD7734748F10}.Release|Any CPU.Build.0 = Release|Any CPU
		{C05ABACF-2E43-4CFE-BDCF-FD7734748F10}.Release|ARM.ActiveCfg = Release|ARM
		{C05ABACF-2E43-4CFE-BDCF-FD7734748F10}.Release|ARM.Build.0 = Release|ARM
		{C05ABACF-2E43-4CFE-BDCF-FD7734748F10}.Release|x64.ActiveCfg = Release|x64
		{C05ABACF-2E43-4CFE-BDCF-FD7734748F10}.Release|x64.Build.0 = Release|x64
		{C05ABACF-2E43-4CFE-BDCF-FD7734748F10}.Release|x86.ActiveCfg = Release|x86
		{C05ABACF-2E43-4CFE-BDCF-FD7734748F10}.Release|x86.Build.0 = Release|x86
		{9712D4CA-FCB4-4A3C-B871-E14663A54A9A}.Debug|Any CPU.ActiveCfg = Debug|Any CPU
		{9712D4CA-FCB4-4A3C-B871-E14663A54A9A}.Debug|Any CPU.Build.0 = Debug|Any CPU
		{9712D4CA-FCB4-4A3C-B871-E14663A54A9A}.Debug|ARM.ActiveCfg = Debug|ARM
		{9712D4CA-FCB4-4A3C-B871-E14663A54A9A}.Debug|ARM.Build.0 = Debug|ARM
		{9712D4CA-FCB4-4A3C-B871-E14663A54A9A}.Debug|x64.ActiveCfg = Debug|x64
		{9712D4CA-FCB4-4A3C-B871-E14663A54A9A}.Debug|x64.Build.0 = Debug|x64
		{9712D4CA-FCB4-4A3C-B871-E14663A54A9A}.Debug|x86.ActiveCfg = Debug|x86
		{9712D4CA-FCB4-4A3C-B871-E14663A54A9A}.Debug|x86.Build.0 = Debug|x86
		{9712D4CA-FCB4-4A3C-B871-E14663A54A9A}.Release|Any CPU.ActiveCfg = Release|Any CPU
		{9712D4CA-FCB4-4A3C-B871-E14663A54A9A}.Release|Any CPU.Build.0 = Release|Any CPU
		{9712D4CA-FCB4-4A3C-B871-E14663A54A9A}.Release|ARM.ActiveCfg = Release|ARM
		{9712D4CA-FCB4-4A3C-B871-E14663A54A9A}.Release|ARM.Build.0 = Release|ARM
		{9712D4CA-FCB4-4A3C-B871-E14663A54A9A}.Release|x64.ActiveCfg = Release|x64
		{9712D4CA-FCB4-4A3C-B871-E14663A54A9A}.Release|x64.Build.0 = Release|x64
		{9712D4CA-FCB4-4A3C-B871-E14663A54A9A}.Release|x86.ActiveCfg = Release|x86
		{9712D4CA-FCB4-4A3C-B871-E14663A54A9A}.Release|x86.Build.0 = Release|x86
		{05F888AB-3182-42FF-90AE-00A04D5D42C8}.Debug|Any CPU.ActiveCfg = Debug|Any CPU
		{05F888AB-3182-42FF-90AE-00A04D5D42C8}.Debug|Any CPU.Build.0 = Debug|Any CPU
		{05F888AB-3182-42FF-90AE-00A04D5D42C8}.Debug|ARM.ActiveCfg = Debug|ARM
		{05F888AB-3182-42FF-90AE-00A04D5D42C8}.Debug|ARM.Build.0 = Debug|ARM
		{05F888AB-3182-42FF-90AE-00A04D5D42C8}.Debug|x64.ActiveCfg = Debug|x64
		{05F888AB-3182-42FF-90AE-00A04D5D42C8}.Debug|x64.Build.0 = Debug|x64
		{05F888AB-3182-42FF-90AE-00A04D5D42C8}.Debug|x86.ActiveCfg = Debug|x86
		{05F888AB-3182-42FF-90AE-00A04D5D42C8}.Debug|x86.Build.0 = Debug|x86
		{05F888AB-3182-42FF-90AE-00A04D5D42C8}.Release|Any CPU.ActiveCfg = Release|Any CPU
		{05F888AB-3182-42FF-90AE-00A04D5D42C8}.Release|Any CPU.Build.0 = Release|Any CPU
		{05F888AB-3182-42FF-90AE-00A04D5D42C8}.Release|ARM.ActiveCfg = Release|ARM
		{05F888AB-3182-42FF-90AE-00A04D5D42C8}.Release|ARM.Build.0 = Release|ARM
		{05F888AB-3182-42FF-90AE-00A04D5D42C8}.Release|x64.ActiveCfg = Release|x64
		{05F888AB-3182-42FF-90AE-00A04D5D42C8}.Release|x64.Build.0 = Release|x64
		{05F888AB-3182-42FF-90AE-00A04D5D42C8}.Release|x86.ActiveCfg = Release|x86
		{05F888AB-3182-42FF-90AE-00A04D5D42C8}.Release|x86.Build.0 = Release|x86
		{2BDC6BCA-01E5-4073-B4A7-794A79E18411}.Debug|Any CPU.ActiveCfg = Debug|Any CPU
		{2BDC6BCA-01E5-4073-B4A7-794A79E18411}.Debug|Any CPU.Build.0 = Debug|Any CPU
		{2BDC6BCA-01E5-4073-B4A7-794A79E18411}.Debug|ARM.ActiveCfg = Debug|ARM
		{2BDC6BCA-01E5-4073-B4A7-794A79E18411}.Debug|ARM.Build.0 = Debug|ARM
		{2BDC6BCA-01E5-4073-B4A7-794A79E18411}.Debug|x64.ActiveCfg = Debug|x64
		{2BDC6BCA-01E5-4073-B4A7-794A79E18411}.Debug|x64.Build.0 = Debug|x64
		{2BDC6BCA-01E5-4073-B4A7-794A79E18411}.Debug|x86.ActiveCfg = Debug|x86
		{2BDC6BCA-01E5-4073-B4A7-794A79E18411}.Debug|x86.Build.0 = Debug|x86
		{2BDC6BCA-01E5-4073-B4A7-794A79E18411}.Release|Any CPU.ActiveCfg = Release|Any CPU
		{2BDC6BCA-01E5-4073-B4A7-794A79E18411}.Release|Any CPU.Build.0 = Release|Any CPU
		{2BDC6BCA-01E5-4073-B4A7-794A79E18411}.Release|ARM.ActiveCfg = Release|ARM
		{2BDC6BCA-01E5-4073-B4A7-794A79E18411}.Release|ARM.Build.0 = Release|ARM
		{2BDC6BCA-01E5-4073-B4A7-794A79E18411}.Release|x64.ActiveCfg = Release|x64
		{2BDC6BCA-01E5-4073-B4A7-794A79E18411}.Release|x64.Build.0 = Release|x64
		{2BDC6BCA-01E5-4073-B4A7-794A79E18411}.Release|x86.ActiveCfg = Release|x86
		{2BDC6BCA-01E5-4073-B4A7-794A79E18411}.Release|x86.Build.0 = Release|x86
		{6BE723E2-D6E5-4897-9C11-D2AED2096ADC}.Debug|Any CPU.ActiveCfg = Debug|Any CPU
		{6BE723E2-D6E5-4897-9C11-D2AED2096ADC}.Debug|Any CPU.Build.0 = Debug|Any CPU
		{6BE723E2-D6E5-4897-9C11-D2AED2096ADC}.Debug|ARM.ActiveCfg = Debug|ARM
		{6BE723E2-D6E5-4897-9C11-D2AED2096ADC}.Debug|ARM.Build.0 = Debug|ARM
		{6BE723E2-D6E5-4897-9C11-D2AED2096ADC}.Debug|x64.ActiveCfg = Debug|x64
		{6BE723E2-D6E5-4897-9C11-D2AED2096ADC}.Debug|x64.Build.0 = Debug|x64
		{6BE723E2-D6E5-4897-9C11-D2AED2096ADC}.Debug|x86.ActiveCfg = Debug|x86
		{6BE723E2-D6E5-4897-9C11-D2AED2096ADC}.Debug|x86.Build.0 = Debug|x86
		{6BE723E2-D6E5-4897-9C11-D2AED2096ADC}.Release|Any CPU.ActiveCfg = Release|Any CPU
		{6BE723E2-D6E5-4897-9C11-D2AED2096ADC}.Release|Any CPU.Build.0 = Release|Any CPU
		{6BE723E2-D6E5-4897-9C11-D2AED2096ADC}.Release|ARM.ActiveCfg = Release|ARM
		{6BE723E2-D6E5-4897-9C11-D2AED2096ADC}.Release|ARM.Build.0 = Release|ARM
		{6BE723E2-D6E5-4897-9C11-D2AED2096ADC}.Release|x64.ActiveCfg = Release|x64
		{6BE723E2-D6E5-4897-9C11-D2AED2096ADC}.Release|x64.Build.0 = Release|x64
		{6BE723E2-D6E5-4897-9C11-D2AED2096ADC}.Release|x86.ActiveCfg = Release|x86
		{6BE723E2-D6E5-4897-9C11-D2AED2096ADC}.Release|x86.Build.0 = Release|x86
		{BAACBDD7-A138-43D6-A4AB-A51BF2A0754C}.Debug|Any CPU.ActiveCfg = Debug|Any CPU
		{BAACBDD7-A138-43D6-A4AB-A51BF2A0754C}.Debug|Any CPU.Build.0 = Debug|Any CPU
		{BAACBDD7-A138-43D6-A4AB-A51BF2A0754C}.Debug|ARM.ActiveCfg = Debug|ARM
		{BAACBDD7-A138-43D6-A4AB-A51BF2A0754C}.Debug|ARM.Build.0 = Debug|ARM
		{BAACBDD7-A138-43D6-A4AB-A51BF2A0754C}.Debug|x64.ActiveCfg = Debug|x64
		{BAACBDD7-A138-43D6-A4AB-A51BF2A0754C}.Debug|x64.Build.0 = Debug|x64
		{BAACBDD7-A138-43D6-A4AB-A51BF2A0754C}.Debug|x86.ActiveCfg = Debug|x86
		{BAACBDD7-A138-43D6-A4AB-A51BF2A0754C}.Debug|x86.Build.0 = Debug|x86
		{BAACBDD7-A138-43D6-A4AB-A51BF2A0754C}.Release|Any CPU.ActiveCfg = Release|Any CPU
		{BAACBDD7-A138-43D6-A4AB-A51BF2A0754C}.Release|Any CPU.Build.0 = Release|Any CPU
		{BAACBDD7-A138-43D6-A4AB-A51BF2A0754C}.Release|ARM.ActiveCfg = Release|ARM
		{BAACBDD7-A138-43D6-A4AB-A51BF2A0754C}.Release|ARM.Build.0 = Release|ARM
		{BAACBDD7-A138-43D6-A4AB-A51BF2A0754C}.Release|x64.ActiveCfg = Release|x64
		{BAACBDD7-A138-43D6-A4AB-A51BF2A0754C}.Release|x64.Build.0 = Release|x64
		{BAACBDD7-A138-43D6-A4AB-A51BF2A0754C}.Release|x86.ActiveCfg = Release|x86
		{BAACBDD7-A138-43D6-A4AB-A51BF2A0754C}.Release|x86.Build.0 = Release|x86
	EndGlobalSection
	GlobalSection(SolutionProperties) = preSolution
		HideSolutionNode = FALSE
	EndGlobalSection
	GlobalSection(NestedProjects) = preSolution
		{9A4D5F33-DDAB-4EC2-BAC0-254B99248C3F} = {F231D73A-2028-4F05-A6AB-4B89A26F3873}
		{C05ABACF-2E43-4CFE-BDCF-FD7734748F10} = {108D4A55-8A49-4C79-8DE0-A4DD8A7929EB}
		{9712D4CA-FCB4-4A3C-B871-E14663A54A9A} = {108D4A55-8A49-4C79-8DE0-A4DD8A7929EB}
		{05F888AB-3182-42FF-90AE-00A04D5D42C8} = {108D4A55-8A49-4C79-8DE0-A4DD8A7929EB}
		{2BDC6BCA-01E5-4073-B4A7-794A79E18411} = {348E82EE-61A0-4B6B-BB28-F20C800BE181}
		{6BE723E2-D6E5-4897-9C11-D2AED2096ADC} = {108D4A55-8A49-4C79-8DE0-A4DD8A7929EB}
		{BAACBDD7-A138-43D6-A4AB-A51BF2A0754C} = {348E82EE-61A0-4B6B-BB28-F20C800BE181}
	EndGlobalSection
	GlobalSection(ExtensibilityGlobals) = postSolution
		SolutionGuid = {9AA61A15-2891-421A-9C63-72F40E9E9A04}
	EndGlobalSection
EndGlobal
